// !$*UTF8*$!
{
	archiveVersion = 1;
	classes = {
	};
	objectVersion = 77;
	objects = {

/* Begin PBXContainerItemProxy section */
		605491B02EA0331300E646E9 /* PBXContainerItemProxy */ = {
			isa = PBXContainerItemProxy;
			containerPortal = 6054919A2EA0331000E646E9 /* Project object */;
			proxyType = 1;
			remoteGlobalIDString = 605491A12EA0331000E646E9;
			remoteInfo = "ROCK PAPER SOMETHI G";
		};
		605491BA2EA0331300E646E9 /* PBXContainerItemProxy */ = {
			isa = PBXContainerItemProxy;
			containerPortal = 6054919A2EA0331000E646E9 /* Project object */;
			proxyType = 1;
			remoteGlobalIDString = 605491A12EA0331000E646E9;
			remoteInfo = "ROCK PAPER SOMETHI G";
		};
/* End PBXContainerItemProxy section */

/* Begin PBXFileReference section */
		605491A22EA0331000E646E9 /* ROCK PAPER SOMETHI G.app */ = {isa = PBXFileReference; explicitFileType = wrapper.application; includeInIndex = 0; path = "ROCK PAPER SOMETHI G.app"; sourceTree = BUILT_PRODUCTS_DIR; };
		605491AF2EA0331300E646E9 /* ROCK PAPER SOMETHI GTests.xctest */ = {isa = PBXFileReference; explicitFileType = wrapper.cfbundle; includeInIndex = 0; path = "ROCK PAPER SOMETHI GTests.xctest"; sourceTree = BUILT_PRODUCTS_DIR; };
		605491B92EA0331300E646E9 /* ROCK PAPER SOMETHI GUITests.xctest */ = {isa = PBXFileReference; explicitFileType = wrapper.cfbundle; includeInIndex = 0; path = "ROCK PAPER SOMETHI GUITests.xctest"; sourceTree = BUILT_PRODUCTS_DIR; };
/* End PBXFileReference section */

/* Begin PBXFileSystemSynchronizedRootGroup section */
		605491A42EA0331000E646E9 /* ROCK PAPER SOMETHI G */ = {
			isa = PBXFileSystemSynchronizedRootGroup;
			path = "ROCK PAPER SOMETHI G";
			sourceTree = "<group>";
		};
		605491B22EA0331300E646E9 /* ROCK PAPER SOMETHI GTests */ = {
			isa = PBXFileSystemSynchronizedRootGroup;
			path = "ROCK PAPER SOMETHI GTests";
			sourceTree = "<group>";
		};
		605491BC2EA0331300E646E9 /* ROCK PAPER SOMETHI GUITests */ = {
			isa = PBXFileSystemSynchronizedRootGroup;
			path = "ROCK PAPER SOMETHI GUITests";
			sourceTree = "<group>";
		};
/* End PBXFileSystemSynchronizedRootGroup section */

/* Begin PBXFrameworksBuildPhase section */
		6054919F2EA0331000E646E9 /* Frameworks */ = {
			isa = PBXFrameworksBuildPhase;
			buildActionMask = 2147483647;
			files = (
			);
			runOnlyForDeploymentPostprocessing = 0;
		};
		605491AC2EA0331300E646E9 /* Frameworks */ = {
			isa = PBXFrameworksBuildPhase;
			buildActionMask = 2147483647;
			files = (
			);
			runOnlyForDeploymentPostprocessing = 0;
		};
		605491B62EA0331300E646E9 /* Frameworks */ = {
			isa = PBXFrameworksBuildPhase;
			buildActionMask = 2147483647;
			files = (
			);
			runOnlyForDeploymentPostprocessing = 0;
		};
/* End PBXFrameworksBuildPhase section */

/* Begin PBXGroup section */
		605491992EA0331000E646E9 = {
			isa = PBXGroup;
			children = (
				605491A42EA0331000E646E9 /* ROCK PAPER SOMETHI G */,
				605491B22EA0331300E646E9 /* ROCK PAPER SOMETHI GTests */,
				605491BC2EA0331300E646E9 /* ROCK PAPER SOMETHI GUITests */,
				605491A32EA0331000E646E9 /* Products */,
			);
			sourceTree = "<group>";
		};
		605491A32EA0331000E646E9 /* Products */ = {
			isa = PBXGroup;
			children = (
				605491A22EA0331000E646E9 /* ROCK PAPER SOMETHI G.app */,
				605491AF2EA0331300E646E9 /* ROCK PAPER SOMETHI GTests.xctest */,
				605491B92EA0331300E646E9 /* ROCK PAPER SOMETHI GUITests.xctest */,
			);
			name = Products;
			sourceTree = "<group>";
		};
/* End PBXGroup section */

/* Begin PBXNativeTarget section */
		605491A12EA0331000E646E9 /* ROCK PAPER SOMETHI G */ = {
			isa = PBXNativeTarget;
			buildConfigurationList = 605491C32EA0331300E646E9 /* Build configuration list for PBXNativeTarget "ROCK PAPER SOMETHI G" */;
			buildPhases = (
				6054919E2EA0331000E646E9 /* Sources */,
				6054919F2EA0331000E646E9 /* Frameworks */,
				605491A02EA0331000E646E9 /* Resources */,
			);
			buildRules = (
			);
			dependencies = (
			);
			fileSystemSynchronizedGroups = (
				605491A42EA0331000E646E9 /* ROCK PAPER SOMETHI G */,
			);
			name = "ROCK PAPER SOMETHI G";
			packageProductDependencies = (
			);
			productName = "ROCK PAPER SOMETHI G";
			productReference = 605491A22EA0331000E646E9 /* ROCK PAPER SOMETHI G.app */;
			productType = "com.apple.product-type.application";
		};
		605491AE2EA0331300E646E9 /* ROCK PAPER SOMETHI GTests */ = {
			isa = PBXNativeTarget;
			buildConfigurationList = 605491C62EA0331300E646E9 /* Build configuration list for PBXNativeTarget "ROCK PAPER SOMETHI GTests" */;
			buildPhases = (
				605491AB2EA0331300E646E9 /* Sources */,
				605491AC2EA0331300E646E9 /* Frameworks */,
				605491AD2EA0331300E646E9 /* Resources */,
			);
			buildRules = (
			);
			dependencies = (
				605491B12EA0331300E646E9 /* PBXTargetDependency */,
			);
			fileSystemSynchronizedGroups = (
				605491B22EA0331300E646E9 /* ROCK PAPER SOMETHI GTests */,
			);
			name = "ROCK PAPER SOMETHI GTests";
			packageProductDependencies = (
			);
			productName = "ROCK PAPER SOMETHI GTests";
			productReference = 605491AF2EA0331300E646E9 /* ROCK PAPER SOMETHI GTests.xctest */;
			productType = "com.apple.product-type.bundle.unit-test";
		};
		605491B82EA0331300E646E9 /* ROCK PAPER SOMETHI GUITests */ = {
			isa = PBXNativeTarget;
			buildConfigurationList = 605491C92EA0331300E646E9 /* Build configuration list for PBXNativeTarget "ROCK PAPER SOMETHI GUITests" */;
			buildPhases = (
				605491B52EA0331300E646E9 /* Sources */,
				605491B62EA0331300E646E9 /* Frameworks */,
				605491B72EA0331300E646E9 /* Resources */,
			);
			buildRules = (
			);
			dependencies = (
				605491BB2EA0331300E646E9 /* PBXTargetDependency */,
			);
			fileSystemSynchronizedGroups = (
				605491BC2EA0331300E646E9 /* ROCK PAPER SOMETHI GUITests */,
			);
			name = "ROCK PAPER SOMETHI GUITests";
			packageProductDependencies = (
			);
			productName = "ROCK PAPER SOMETHI GUITests";
			productReference = 605491B92EA0331300E646E9 /* ROCK PAPER SOMETHI GUITests.xctest */;
			productType = "com.apple.product-type.bundle.ui-testing";
		};
/* End PBXNativeTarget section */

/* Begin PBXProject section */
		6054919A2EA0331000E646E9 /* Project object */ = {
			isa = PBXProject;
			attributes = {
				BuildIndependentTargetsInParallel = 1;
				LastSwiftUpdateCheck = 1640;
				LastUpgradeCheck = 1640;
				TargetAttributes = {
					605491A12EA0331000E646E9 = {
						CreatedOnToolsVersion = 16.4;
					};
					605491AE2EA0331300E646E9 = {
						CreatedOnToolsVersion = 16.4;
						TestTargetID = 605491A12EA0331000E646E9;
					};
					605491B82EA0331300E646E9 = {
						CreatedOnToolsVersion = 16.4;
						TestTargetID = 605491A12EA0331000E646E9;
					};
				};
			};
			buildConfigurationList = 6054919D2EA0331000E646E9 /* Build configuration list for PBXProject "ROCK PAPER SOMETHI G" */;
			developmentRegion = en;
			hasScannedForEncodings = 0;
			knownRegions = (
				en,
				Base,
			);
			mainGroup = 605491992EA0331000E646E9;
			minimizedProjectReferenceProxies = 1;
			preferredProjectObjectVersion = 77;
			productRefGroup = 605491A32EA0331000E646E9 /* Products */;
			projectDirPath = "";
			projectRoot = "";
			targets = (
				605491A12EA0331000E646E9 /* ROCK PAPER SOMETHI G */,
				605491AE2EA0331300E646E9 /* ROCK PAPER SOMETHI GTests */,
				605491B82EA0331300E646E9 /* ROCK PAPER SOMETHI GUITests */,
			);
		};
/* End PBXProject section */

/* Begin PBXResourcesBuildPhase section */
		605491A02EA0331000E646E9 /* Resources */ = {
			isa = PBXResourcesBuildPhase;
			buildActionMask = 2147483647;
			files = (
			);
			runOnlyForDeploymentPostprocessing = 0;
		};
		605491AD2EA0331300E646E9 /* Resources */ = {
			isa = PBXResourcesBuildPhase;
			buildActionMask = 2147483647;
			files = (
			);
			runOnlyForDeploymentPostprocessing = 0;
		};
		605491B72EA0331300E646E9 /* Resources */ = {
			isa = PBXResourcesBuildPhase;
			buildActionMask = 2147483647;
			files = (
			);
			runOnlyForDeploymentPostprocessing = 0;
		};
/* End PBXResourcesBuildPhase section */

/* Begin PBXSourcesBuildPhase section */
		6054919E2EA0331000E646E9 /* Sources */ = {
			isa = PBXSourcesBuildPhase;
			buildActionMask = 2147483647;
			files = (
			);
			runOnlyForDeploymentPostprocessing = 0;
		};
		605491AB2EA0331300E646E9 /* Sources */ = {
			isa = PBXSourcesBuildPhase;
			buildActionMask = 2147483647;
			files = (
			);
			runOnlyForDeploymentPostprocessing = 0;
		};
		605491B52EA0331300E646E9 /* Sources */ = {
			isa = PBXSourcesBuildPhase;
			buildActionMask = 2147483647;
			files = (
			);
			runOnlyForDeploymentPostprocessing = 0;
		};
/* End PBXSourcesBuildPhase section */

/* Begin PBXTargetDependency section */
		605491B12EA0331300E646E9 /* PBXTargetDependency */ = {
			isa = PBXTargetDependency;
			target = 605491A12EA0331000E646E9 /* ROCK PAPER SOMETHI G */;
			targetProxy = 605491B02EA0331300E646E9 /* PBXContainerItemProxy */;
		};
		605491BB2EA0331300E646E9 /* PBXTargetDependency */ = {
			isa = PBXTargetDependency;
			target = 605491A12EA0331000E646E9 /* ROCK PAPER SOMETHI G */;
			targetProxy = 605491BA2EA0331300E646E9 /* PBXContainerItemProxy */;
		};
/* End PBXTargetDependency section */

/* Begin XCBuildConfiguration section */
		605491C12EA0331300E646E9 /* Debug */ = {
			isa = XCBuildConfiguration;
			buildSettings = {
				ALWAYS_SEARCH_USER_PATHS = NO;
				ASSETCATALOG_COMPILER_GENERATE_SWIFT_ASSET_SYMBOL_EXTENSIONS = YES;
				CLANG_ANALYZER_NONNULL = YES;
				CLANG_ANALYZER_NUMBER_OBJECT_CONVERSION = YES_AGGRESSIVE;
				CLANG_CXX_LANGUAGE_STANDARD = "gnu++20";
				CLANG_ENABLE_MODULES = YES;
				CLANG_ENABLE_OBJC_ARC = YES;
				CLANG_ENABLE_OBJC_WEAK = YES;
				CLANG_WARN_BLOCK_CAPTURE_AUTORELEASING = YES;
				CLANG_WARN_BOOL_CONVERSION = YES;
				CLANG_WARN_COMMA = YES;
				CLANG_WARN_CONSTANT_CONVERSION = YES;
				CLANG_WARN_DEPRECATED_OBJC_IMPLEMENTATIONS = YES;
				CLANG_WARN_DIRECT_OBJC_ISA_USAGE = YES_ERROR;
				CLANG_WARN_DOCUMENTATION_COMMENTS = YES;
				CLANG_WARN_EMPTY_BODY = YES;
				CLANG_WARN_ENUM_CONVERSION = YES;
				CLANG_WARN_INFINITE_RECURSION = YES;
				CLANG_WARN_INT_CONVERSION = YES;
				CLANG_WARN_NON_LITERAL_NULL_CONVERSION = YES;
				CLANG_WARN_OBJC_IMPLICIT_RETAIN_SELF = YES;
				CLANG_WARN_OBJC_LITERAL_CONVERSION = YES;
				CLANG_WARN_OBJC_ROOT_CLASS = YES_ERROR;
				CLANG_WARN_QUOTED_INCLUDE_IN_FRAMEWORK_HEADER = YES;
				CLANG_WARN_RANGE_LOOP_ANALYSIS = YES;
				CLANG_WARN_STRICT_PROTOTYPES = YES;
				CLANG_WARN_SUSPICIOUS_MOVE = YES;
				CLANG_WARN_UNGUARDED_AVAILABILITY = YES_AGGRESSIVE;
				CLANG_WARN_UNREACHABLE_CODE = YES;
				CLANG_WARN__DUPLICATE_METHOD_MATCH = YES;
				COPY_PHASE_STRIP = NO;
				DEBUG_INFORMATION_FORMAT = dwarf;
				DEVELOPMENT_TEAM = W9Z3CDZK39;
				ENABLE_STRICT_OBJC_MSGSEND = YES;
				ENABLE_TESTABILITY = YES;
				ENABLE_USER_SCRIPT_SANDBOXING = YES;
				GCC_C_LANGUAGE_STANDARD = gnu17;
				GCC_DYNAMIC_NO_PIC = NO;
				GCC_NO_COMMON_BLOCKS = YES;
				GCC_OPTIMIZATION_LEVEL = 0;
				GCC_PREPROCESSOR_DEFINITIONS = (
					"DEBUG=1",
					"$(inherited)",
				);
				GCC_WARN_64_TO_32_BIT_CONVERSION = YES;
				GCC_WARN_ABOUT_RETURN_TYPE = YES_ERROR;
				GCC_WARN_UNDECLARED_SELECTOR = YES;
				GCC_WARN_UNINITIALIZED_AUTOS = YES_AGGRESSIVE;
				GCC_WARN_UNUSED_FUNCTION = YES;
				GCC_WARN_UNUSED_VARIABLE = YES;
				IPHONEOS_DEPLOYMENT_TARGET = 18.5;
				LOCALIZATION_PREFERS_STRING_CATALOGS = YES;
				MTL_ENABLE_DEBUG_INFO = INCLUDE_SOURCE;
				MTL_FAST_MATH = YES;
				ONLY_ACTIVE_ARCH = YES;
				SDKROOT = iphoneos;
				SWIFT_ACTIVE_COMPILATION_CONDITIONS = "DEBUG $(inherited)";
				SWIFT_OPTIMIZATION_LEVEL = "-Onone";
			};
			name = Debug;
		};
		605491C22EA0331300E646E9 /* Release */ = {
			isa = XCBuildConfiguration;
			buildSettings = {
				ALWAYS_SEARCH_USER_PATHS = NO;
				ASSETCATALOG_COMPILER_GENERATE_SWIFT_ASSET_SYMBOL_EXTENSIONS = YES;
				CLANG_ANALYZER_NONNULL = YES;
				CLANG_ANALYZER_NUMBER_OBJECT_CONVERSION = YES_AGGRESSIVE;
				CLANG_CXX_LANGUAGE_STANDARD = "gnu++20";
				CLANG_ENABLE_MODULES = YES;
				CLANG_ENABLE_OBJC_ARC = YES;
				CLANG_ENABLE_OBJC_WEAK = YES;
				CLANG_WARN_BLOCK_CAPTURE_AUTORELEASING = YES;
				CLANG_WARN_BOOL_CONVERSION = YES;
				CLANG_WARN_COMMA = YES;
				CLANG_WARN_CONSTANT_CONVERSION = YES;
				CLANG_WARN_DEPRECATED_OBJC_IMPLEMENTATIONS = YES;
				CLANG_WARN_DIRECT_OBJC_ISA_USAGE = YES_ERROR;
				CLANG_WARN_DOCUMENTATION_COMMENTS = YES;
				CLANG_WARN_EMPTY_BODY = YES;
				CLANG_WARN_ENUM_CONVERSION = YES;
				CLANG_WARN_INFINITE_RECURSION = YES;
				CLANG_WARN_INT_CONVERSION = YES;
				CLANG_WARN_NON_LITERAL_NULL_CONVERSION = YES;
				CLANG_WARN_OBJC_IMPLICIT_RETAIN_SELF = YES;
				CLANG_WARN_OBJC_LITERAL_CONVERSION = YES;
				CLANG_WARN_OBJC_ROOT_CLASS = YES_ERROR;
				CLANG_WARN_QUOTED_INCLUDE_IN_FRAMEWORK_HEADER = YES;
				CLANG_WARN_RANGE_LOOP_ANALYSIS = YES;
				CLANG_WARN_STRICT_PROTOTYPES = YES;
				CLANG_WARN_SUSPICIOUS_MOVE = YES;
				CLANG_WARN_UNGUARDED_AVAILABILITY = YES_AGGRESSIVE;
				CLANG_WARN_UNREACHABLE_CODE = YES;
				CLANG_WARN__DUPLICATE_METHOD_MATCH = YES;
				COPY_PHASE_STRIP = NO;
				DEBUG_INFORMATION_FORMAT = "dwarf-with-dsym";
				DEVELOPMENT_TEAM = W9Z3CDZK39;
				ENABLE_NS_ASSERTIONS = NO;
				ENABLE_STRICT_OBJC_MSGSEND = YES;
				ENABLE_USER_SCRIPT_SANDBOXING = YES;
				GCC_C_LANGUAGE_STANDARD = gnu17;
				GCC_NO_COMMON_BLOCKS = YES;
				GCC_WARN_64_TO_32_BIT_CONVERSION = YES;
				GCC_WARN_ABOUT_RETURN_TYPE = YES_ERROR;
				GCC_WARN_UNDECLARED_SELECTOR = YES;
				GCC_WARN_UNINITIALIZED_AUTOS = YES_AGGRESSIVE;
				GCC_WARN_UNUSED_FUNCTION = YES;
				GCC_WARN_UNUSED_VARIABLE = YES;
				IPHONEOS_DEPLOYMENT_TARGET = 18.5;
				LOCALIZATION_PREFERS_STRING_CATALOGS = YES;
				MTL_ENABLE_DEBUG_INFO = NO;
				MTL_FAST_MATH = YES;
				SDKROOT = iphoneos;
				SWIFT_COMPILATION_MODE = wholemodule;
				VALIDATE_PRODUCT = YES;
			};
			name = Release;
		};
		605491C42EA0331300E646E9 /* Debug */ = {
			isa = XCBuildConfiguration;
			buildSettings = {
				ASSETCATALOG_COMPILER_APPICON_NAME = AppIcon;
				ASSETCATALOG_COMPILER_GLOBAL_ACCENT_COLOR_NAME = AccentColor;
				CODE_SIGN_STYLE = Automatic;
				CURRENT_PROJECT_VERSION = 1;
				DEVELOPMENT_TEAM = W9Z3CDZK39;
				ENABLE_PREVIEWS = YES;
				GENERATE_INFOPLIST_FILE = YES;
				INFOPLIST_KEY_UIApplicationSceneManifest_Generation = YES;
				INFOPLIST_KEY_UIApplicationSupportsIndirectInputEvents = YES;
				INFOPLIST_KEY_UILaunchScreen_Generation = YES;
				INFOPLIST_KEY_UISupportedInterfaceOrientations_iPad = "UIInterfaceOrientationPortrait UIInterfaceOrientationPortraitUpsideDown UIInterfaceOrientationLandscapeLeft UIInterfaceOrientationLandscapeRight";
				INFOPLIST_KEY_UISupportedInterfaceOrientations_iPhone = "UIInterfaceOrientationPortrait UIInterfaceOrientationLandscapeLeft UIInterfaceOrientationLandscapeRight";
				LD_RUNPATH_SEARCH_PATHS = (
					"$(inherited)",
					"@executable_path/Frameworks",
				);
				MARKETING_VERSION = 1.0;
				PRODUCT_BUNDLE_IDENTIFIER = "CTC.ROCK-PAPER-SOMETHI-G";
				PRODUCT_NAME = "$(TARGET_NAME)";
				SWIFT_EMIT_LOC_STRINGS = YES;
				SWIFT_VERSION = 5.0;
				TARGETED_DEVICE_FAMILY = "1,2";
			};
			name = Debug;
		};
		605491C52EA0331300E646E9 /* Release */ = {
			isa = XCBuildConfiguration;
			buildSettings = {
				ASSETCATALOG_COMPILER_APPICON_NAME = AppIcon;
				ASSETCATALOG_COMPILER_GLOBAL_ACCENT_COLOR_NAME = AccentColor;
				CODE_SIGN_STYLE = Automatic;
				CURRENT_PROJECT_VERSION = 1;
				DEVELOPMENT_TEAM = W9Z3CDZK39;
				ENABLE_PREVIEWS = YES;
				GENERATE_INFOPLIST_FILE = YES;
				INFOPLIST_KEY_UIApplicationSceneManifest_Generation = YES;
				INFOPLIST_KEY_UIApplicationSupportsIndirectInputEvents = YES;
				INFOPLIST_KEY_UILaunchScreen_Generation = YES;
				INFOPLIST_KEY_UISupportedInterfaceOrientations_iPad = "UIInterfaceOrientationPortrait UIInterfaceOrientationPortraitUpsideDown UIInterfaceOrientationLandscapeLeft UIInterfaceOrientationLandscapeRight";
				INFOPLIST_KEY_UISupportedInterfaceOrientations_iPhone = "UIInterfaceOrientationPortrait UIInterfaceOrientationLandscapeLeft UIInterfaceOrientationLandscapeRight";
				LD_RUNPATH_SEARCH_PATHS = (
					"$(inherited)",
					"@executable_path/Frameworks",
				);
				MARKETING_VERSION = 1.0;
				PRODUCT_BUNDLE_IDENTIFIER = "CTC.ROCK-PAPER-SOMETHI-G";
				PRODUCT_NAME = "$(TARGET_NAME)";
				SWIFT_EMIT_LOC_STRINGS = YES;
				SWIFT_VERSION = 5.0;
				TARGETED_DEVICE_FAMILY = "1,2";
			};
			name = Release;
		};
		605491C72EA0331300E646E9 /* Debug */ = {
			isa = XCBuildConfiguration;
			buildSettings = {
				BUNDLE_LOADER = "$(TEST_HOST)";
				CODE_SIGN_STYLE = Automatic;
				CURRENT_PROJECT_VERSION = 1;
				DEVELOPMENT_TEAM = W9Z3CDZK39;
				GENERATE_INFOPLIST_FILE = YES;
				IPHONEOS_DEPLOYMENT_TARGET = 18.5;
				MARKETING_VERSION = 1.0;
				PRODUCT_BUNDLE_IDENTIFIER = "CTC.ROCK-PAPER-SOMETHI-GTests";
				PRODUCT_NAME = "$(TARGET_NAME)";
				SWIFT_EMIT_LOC_STRINGS = NO;
				SWIFT_VERSION = 5.0;
				TARGETED_DEVICE_FAMILY = "1,2";
				TEST_HOST = "$(BUILT_PRODUCTS_DIR)/ROCK PAPER SOMETHI G.app/$(BUNDLE_EXECUTABLE_FOLDER_PATH)/ROCK PAPER SOMETHI G";
			};
			name = Debug;
		};
		605491C82EA0331300E646E9 /* Release */ = {
			isa = XCBuildConfiguration;
			buildSettings = {
				BUNDLE_LOADER = "$(TEST_HOST)";
				CODE_SIGN_STYLE = Automatic;
				CURRENT_PROJECT_VERSION = 1;
				DEVELOPMENT_TEAM = W9Z3CDZK39;
				GENERATE_INFOPLIST_FILE = YES;
				IPHONEOS_DEPLOYMENT_TARGET = 18.5;
				MARKETING_VERSION = 1.0;
				PRODUCT_BUNDLE_IDENTIFIER = "CTC.ROCK-PAPER-SOMETHI-GTests";
				PRODUCT_NAME = "$(TARGET_NAME)";
				SWIFT_EMIT_LOC_STRINGS = NO;
				SWIFT_VERSION = 5.0;
				TARGETED_DEVICE_FAMILY = "1,2";
				TEST_HOST = "$(BUILT_PRODUCTS_DIR)/ROCK PAPER SOMETHI G.app/$(BUNDLE_EXECUTABLE_FOLDER_PATH)/ROCK PAPER SOMETHI G";
			};
			name = Release;
		};
		605491CA2EA0331300E646E9 /* Debug */ = {
			isa = XCBuildConfiguration;
			buildSettings = {
				CODE_SIGN_STYLE = Automatic;
				CURRENT_PROJECT_VERSION = 1;
				DEVELOPMENT_TEAM = W9Z3CDZK39;
				GENERATE_INFOPLIST_FILE = YES;
				MARKETING_VERSION = 1.0;
				PRODUCT_BUNDLE_IDENTIFIER = "CTC.ROCK-PAPER-SOMETHI-GUITests";
				PRODUCT_NAME = "$(TARGET_NAME)";
				SWIFT_EMIT_LOC_STRINGS = NO;
				SWIFT_VERSION = 5.0;
				TARGETED_DEVICE_FAMILY = "1,2";
				TEST_TARGET_NAME = "ROCK PAPER SOMETHI G";
			};
			name = Debug;
		};
		605491CB2EA0331300E646E9 /* Release */ = {
			isa = XCBuildConfiguration;
			buildSettings = {
				CODE_SIGN_STYLE = Automatic;
				CURRENT_PROJECT_VERSION = 1;
				DEVELOPMENT_TEAM = W9Z3CDZK39;
				GENERATE_INFOPLIST_FILE = YES;
				MARKETING_VERSION = 1.0;
				PRODUCT_BUNDLE_IDENTIFIER = "CTC.ROCK-PAPER-SOMETHI-GUITests";
				PRODUCT_NAME = "$(TARGET_NAME)";
				SWIFT_EMIT_LOC_STRINGS = NO;
				SWIFT_VERSION = 5.0;
				TARGETED_DEVICE_FAMILY = "1,2";
				TEST_TARGET_NAME = "ROCK PAPER SOMETHI G";
			};
			name = Release;
		};
/* End XCBuildConfiguration section */

/* Begin XCConfigurationList section */
		6054919D2EA0331000E646E9 /* Build configuration list for PBXProject "ROCK PAPER SOMETHI G" */ = {
			isa = XCConfigurationList;
			buildConfigurations = (
				605491C12EA0331300E646E9 /* Debug */,
				605491C22EA0331300E646E9 /* Release */,
			);
			defaultConfigurationIsVisible = 0;
			defaultConfigurationName = Release;
		};
		605491C32EA0331300E646E9 /* Build configuration list for PBXNativeTarget "ROCK PAPER SOMETHI G" */ = {
			isa = XCConfigurationList;
			buildConfigurations = (
				605491C42EA0331300E646E9 /* Debug */,
				605491C52EA0331300E646E9 /* Release */,
			);
			defaultConfigurationIsVisible = 0;
			defaultConfigurationName = Release;
		};
		605491C62EA0331300E646E9 /* Build configuration list for PBXNativeTarget "ROCK PAPER SOMETHI GTests" */ = {
			isa = XCConfigurationList;
			buildConfigurations = (
				605491C72EA0331300E646E9 /* Debug */,
				605491C82EA0331300E646E9 /* Release */,
			);
			defaultConfigurationIsVisible = 0;
			defaultConfigurationName = Release;
		};
		605491C92EA0331300E646E9 /* Build configuration list for PBXNativeTarget "ROCK PAPER SOMETHI GUITests" */ = {
			isa = XCConfigurationList;
			buildConfigurations = (
				605491CA2EA0331300E646E9 /* Debug */,
				605491CB2EA0331300E646E9 /* Release */,
			);
			defaultConfigurationIsVisible = 0;
			defaultConfigurationName = Release;
		};
/* End XCConfigurationList section */
	};
	rootObject = 6054919A2EA0331000E646E9 /* Project object */;
}
